# This file is generated by running "yarn install" inside your project.
# Manual changes might be lost - proceed with caution!

__metadata:
  version: 10
  cacheKey: 10c0

"@emnapi/runtime@npm:^1.11.3":
  version: 1.11.3
  resolution: "@emnapi/runtime@npm:1.11.3"
  dependencies:
    tslib: "npm:^2.4.0"
  checksum: 10c0/a00f1020fefb9d4145c367f93a9fddb383a00da8ffd7871e20b19659890379b83aeecb9f84d7d0eda5456343f4a09eb05b0acb5153b0d3d889539dedb1ed87c3
  languageName: node
  linkType: hard

"@img/colour@npm:^1.1.0":
  version: 1.1.0
  resolution: "@img/colour@npm:1.1.0"
  checksum: 10c0/2ebea2c0bbaee73b99badcefa04e1e71d83f36e5369337d3121dca841f4569533c4e2faddda6d62dd247f0d5cca143711f9446c59bcce81e427ba433a7a94a17
  languageName: node
  linkType: hard

"@img/sharp-darwin-arm64@npm:0.35.5":
  version: 0.35.5
  resolution: "@img/sharp-darwin-arm64@npm:0.35.5"
  dependencies:
    "@img/sharp-libvips-darwin-arm64": "npm:1.3.4"
  dependenciesMeta:
    "@img/sharp-libvips-darwin-arm64":
      optional: true
  conditions: os=darwin & cpu=arm64
  languageName: node
  linkType: hard

"@img/sharp-darwin-x64@npm:0.35.5":
  version: 0.35.5
  resolution: "@img/sharp-darwin-x64@npm:0.35.5"
  dependencies:
    "@img/sharp-libvips-darwin-x64": "npm:1.3.4"
  dependenciesMeta:
    "@img/sharp-libvips-darwin-x64":
      optional: true
  conditions: os=darwin & cpu=x64
  languageName: node
  linkType: hard

"@img/sharp-freebsd-wasm32@npm:0.35.5":
  version: 0.35.5
  resolution: "@img/sharp-freebsd-wasm32@npm:0.35.5"
  dependencies:
    "@img/sharp-wasm32": "npm:0.35.5"
  conditions: os=freebsd
  languageName: node
  linkType: hard

"@img/sharp-libvips-darwin-arm64@npm:1.3.4":
  version: 1.3.4
  resolution: "@img/sharp-libvips-darwin-arm64@npm:1.3.4"
  conditions: os=darwin & cpu=arm64
  languageName: node
  linkType: hard

"@img/sharp-libvips-darwin-x64@npm:1.3.4":
  version: 1.3.4
  resolution: "@img/sharp-libvips-darwin-x64@npm:1.3.4"
  conditions: os=darwin & cpu=x64
  languageName: node
  linkType: hard

"@img/sharp-libvips-linux-arm64@npm:1.3.4":
  version: 1.3.4
  resolution: "@img/sharp-libvips-linux-arm64@npm:1.3.4"
  conditions: os=linux & cpu=arm64 & libc=glibc
  languageName: node
  linkType: hard

"@img/sharp-libvips-linux-arm@npm:1.3.4":
  version: 1.3.4
  resolution: "@img/sharp-libvips-linux-arm@npm:1.3.4"
  conditions: os=linux & cpu=arm & libc=glibc
  languageName: node
  linkType: hard

"@img/sharp-libvips-linux-ppc64@npm:1.3.4":
  version: 1.3.4
  resolution: "@img/sharp-libvips-linux-ppc64@npm:1.3.4"
  conditions: os=linux & cpu=ppc64 & libc=glibc
  languageName: node
  linkType: hard

"@img/sharp-libvips-linux-riscv64@npm:1.3.4":
  version: 1.3.4
  resolution: "@img/sharp-libvips-linux-riscv64@npm:1.3.4"
  conditions: os=linux & cpu=riscv64 & libc=glibc
  languageName: node
  linkType: hard

"@img/sharp-libvips-linux-s390x@npm:1.3.4":
  version: 1.3.4
  resolution: "@img/sharp-libvips-linux-s390x@npm:1.3.4"
  conditions: os=linux & cpu=s390x & libc=glibc
  languageName: node
  linkType: hard

"@img/sharp-libvips-linux-x64@npm:1.3.4":
  version: 1.3.4
  resolution: "@img/sharp-libvips-linux-x64@npm:1.3.4"
  conditions: os=linux & cpu=x64 & libc=glibc
  languageName: node
  linkType: hard

"@img/sharp-libvips-linuxmusl-arm64@npm:1.3.4":
  version: 1.3.4
  resolution: "@img/sharp-libvips-linuxmusl-arm64@npm:1.3.4"
  conditions: os=linux & cpu=arm64 & libc=musl
  languageName: node
  linkType: hard

"@img/sharp-libvips-linuxmusl-x64@npm:1.3.4":
  version: 1.3.4
  resolution: "@img/sharp-libvips-linuxmusl-x64@npm:1.3.4"
  conditions: os=linux & cpu=x64 & libc=musl
  languageName: node
  linkType: hard

"@img/sharp-linux-arm64@npm:0.35.5":
  version: 0.35.5
  resolution: "@img/sharp-linux-arm64@npm:0.35.5"
  dependencies:
    "@img/sharp-libvips-linux-arm64": "npm:1.3.4"
  dependenciesMeta:
    "@img/sharp-libvips-linux-arm64":
      optional: true
  conditions: os=linux & cpu=arm64 & libc=glibc
  languageName: node
  linkType: hard

"@img/sharp-linux-arm@npm:0.35.5":
  version: 0.35.5
  resolution: "@img/sharp-linux-arm@npm:0.35.5"
  dependencies:
    "@img/sharp-libvips-linux-arm": "npm:1.3.4"
  dependenciesMeta:
    "@img/sharp-libvips-linux-arm":
      optional: true
  conditions: os=linux & cpu=arm & libc=glibc
  languageName: node
  linkType: hard

"@img/sharp-linux-ppc64@npm:0.35.5":
  version: 0.35.5
  resolution: "@img/sharp-linux-ppc64@npm:0.35.5"
  dependencies:
    "@img/sharp-libvips-linux-ppc64": "npm:1.3.4"
  dependenciesMeta:
    "@img/sharp-libvips-linux-ppc64":
      optional: true
  conditions: os=linux & cpu=ppc64 & libc=glibc
  languageName: node
  linkType: hard

"@img/sharp-linux-riscv64@npm:0.35.5":
  version: 0.35.5
  resolution: "@img/sharp-linux-riscv64@npm:0.35.5"
  dependencies:
    "@img/sharp-libvips-linux-riscv64": "npm:1.3.4"
  dependenciesMeta:
    "@img/sharp-libvips-linux-riscv64":
      optional: true
  conditions: os=linux & cpu=riscv64 & libc=glibc
  languageName: node
  linkType: hard

"@img/sharp-linux-s390x@npm:0.35.5":
  version: 0.35.5
  resolution: "@img/sharp-linux-s390x@npm:0.35.5"
  dependencies:
    "@img/sharp-libvips-linux-s390x": "npm:1.3.4"
  dependenciesMeta:
    "@img/sharp-libvips-linux-s390x":
      optional: true
  conditions: os=linux & cpu=s390x & libc=glibc
  languageName: node
  linkType: hard

"@img/sharp-linux-x64@npm:0.35.5":
  version: 0.35.5
  resolution: "@img/sharp-linux-x64@npm:0.35.5"
  dependencies:
    "@img/sharp-libvips-linux-x64": "npm:1.3.4"
  dependenciesMeta:
    "@img/sharp-libvips-linux-x64":
      optional: true
  conditions: os=linux & cpu=x64 & libc=glibc
  languageName: node
  linkType: hard

"@img/sharp-linuxmusl-arm64@npm:0.35.5":
  version: 0.35.5
  resolution: "@img/sharp-linuxmusl-arm64@npm:0.35.5"
  dependencies:
    "@img/sharp-libvips-linuxmusl-arm64": "npm:1.3.4"
  dependenciesMeta:
    "@img/sharp-libvips-linuxmusl-arm64":
      optional: true
  conditions: os=linux & cpu=arm64 & libc=musl
  languageName: node
  linkType: hard

"@img/sharp-linuxmusl-x64@npm:0.35.5":
  version: 0.35.5
  resolution: "@img/sharp-linuxmusl-x64@npm:0.35.5"
  dependencies:
    "@img/sharp-libvips-linuxmusl-x64": "npm:1.3.4"
  dependenciesMeta:
    "@img/sharp-libvips-linuxmusl-x64":
      optional: true
  conditions: os=linux & cpu=x64 & libc=musl
  languageName: node
  linkType: hard

"@img/sharp-wasm32@npm:0.35.5":
  version: 0.35.5
  resolution: "@img/sharp-wasm32@npm:0.35.5"
  dependencies:
    "@emnapi/runtime": "npm:^1.11.3"
  checksum: 10c0/da3f39d733135fde6d8b5009d282e12049f8f6df33ac3e4dc5d98868123842b5c888002ea1647e1824af9b4f9274a28826f35ebf2967b58a7416efd2aeb6299f
  languageName: node
  linkType: hard

"@img/sharp-webcontainers-wasm32@npm:0.35.5":
  version: 0.35.5
  resolution: "@img/sharp-webcontainers-wasm32@npm:0.35.5"
  dependencies:
    "@img/sharp-wasm32": "npm:0.35.5"
  conditions: cpu=wasm32
  languageName: node
  linkType: hard

"@img/sharp-win32-arm64@npm:0.35.5":
  version: 0.35.5
  resolution: "@img/sharp-win32-arm64@npm:0.35.5"
  conditions: os=win32 & cpu=arm64
  languageName: node
  linkType: hard

"@img/sharp-win32-ia32@npm:0.35.5":
  version: 0.35.5
  resolution: "@img/sharp-win32-ia32@npm:0.35.5"
  conditions: os=win32 & cpu=ia32
  languageName: node
  linkType: hard

"@img/sharp-win32-x64@npm:0.35.5":
  version: 0.35.5
  resolution: "@img/sharp-win32-x64@npm:0.35.5"
  conditions: os=win32 & cpu=x64
  languageName: node
  linkType: hard

"@next/env@npm:16.4.0":
  version: 16.4.0
  resolution: "@next/env@npm:16.4.0"
  checksum: 10c0/84938ae83a022a05182a6bae86f42300ba1771c0d47c804b7bc38c5df3081ddad71dc2b0fede4b674fd198007b3155f42340363ae4a152c52993c3cd3546c706
  languageName: node
  linkType: hard

"@next/swc-darwin-arm64@npm:16.4.0":
  version: 16.4.0
  resolution: "@next/swc-darwin-arm64@npm:16.4.0"
  conditions: os=darwin & cpu=arm64
  languageName: node
  linkType: hard

"@next/swc-darwin-x64@npm:16.4.0":
  version: 16.4.0
  resolution: "@next/swc-darwin-x64@npm:16.4.0"
  conditions: os=darwin & cpu=x64
  languageName: node
  linkType: hard

"@next/swc-linux-arm64-gnu@npm:16.4.0":
  version: 16.4.0
  resolution: "@next/swc-linux-arm64-gnu@npm:16.4.0"
  conditions: os=linux & cpu=arm64 & libc=glibc
  languageName: node
  linkType: hard

"@next/swc-linux-arm64-musl@npm:16.4.0":
  version: 16.4.0
  resolution: "@next/swc-linux-arm64-musl@npm:16.4.0"
  conditions: os=linux & cpu=arm64 & libc=musl
  languageName: node
  linkType: hard

"@next/swc-linux-x64-gnu@npm:16.4.0":
  version: 16.4.0
  resolution: "@next/swc-linux-x64-gnu@npm:16.4.0"
  conditions: os=linux & cpu=x64 & libc=glibc
  languageName: node
  linkType: hard

"@next/swc-linux-x64-musl@npm:16.4.0":
  version: 16.4.0
  resolution: "@next/swc-linux-x64-musl@npm:16.4.0"
  conditions: os=linux & cpu=x64 & libc=musl
  languageName: node
  linkType: hard

"@next/swc-win32-arm64-msvc@npm:16.4.0":
  version: 16.4.0
  resolution: "@next/swc-win32-arm64-msvc@npm:16.4.0"
  conditions: os=win32 & cpu=arm64
  languageName: node
  linkType: hard

"@next/swc-win32-x64-msvc@npm:16.4.0":
  version: 16.4.0
  resolution: "@next/swc-win32-x64-msvc@npm:16.4.0"
  conditions: os=win32 & cpu=x64
  languageName: node
  linkType: hard

"@swc/helpers@npm:0.5.23":
  version: 0.5.23
  resolution: "@swc/helpers@npm:0.5.23"
  dependencies:
    tslib: "npm:^2.8.0"
  checksum: 10c0/02da7b4df465693933ecd4851cc193ec729c309939c8a84eccae5ec0010aafc3894e713b8ef8d13a6ba401759f0e900c88e2dcfef5872c27bb91e70f73275cce
  languageName: node
  linkType: hard

"baseline-browser-mapping@npm:^2.9.19":
  version: 2.11.27
  resolution: "baseline-browser-mapping@npm:2.11.27"
  bin:
    baseline-browser-mapping: dist/cli.cjs
  checksum: 10c0/4a06cfab5ad4f57633c0092340af41388f3fc71e6a91a3309942a23c60b65e9ec6f243edbd2f484d3d0ee40f5f33d974c8a85c9c207e104ea17ba429cfb4d3df
  languageName: node
  linkType: hard

"caniuse-lite@npm:^1.0.30001579":
  version: 1.0.30001815
  resolution: "caniuse-lite@npm:1.0.30001815"
  checksum: 10c0/9ff9c5d036cf9f4b5569b534c251b417a924dc83a96fde0eedbb60ce9fe766c406efdc278d7c87fe0feaa8b93171b1e8df7921a93ed9ed525202877425207e11
  languageName: node
  linkType: hard

"client-only@npm:0.0.1":
  version: 0.0.1
  resolution: "client-only@npm:0.0.1"
  checksum: 10c0/9d6cfd0c19e1c96a434605added99dff48482152af791ec4172fb912a71cff9027ff174efd8cdb2160cc7f377543e0537ffc462d4f279bc4701de3f2a3c4b358
  languageName: node
  linkType: hard

"detect-libc@npm:^2.1.2":
  version: 2.1.2
  resolution: "detect-libc@npm:2.1.2"
  checksum: 10c0/acc675c29a5649fa1fb6e255f993b8ee829e510b6b56b0910666949c80c364738833417d0edb5f90e4e46be17228b0f2b66a010513984e18b15deeeac49369c4
  languageName: node
  linkType: hard

"nanoid@npm:^3.3.16":
  version: 3.3.20
  resolution: "nanoid@npm:3.3.20"
  bin:
    nanoid: bin/nanoid.cjs
  checksum: 10c0/856e8bf3bddb959d65997bd94908be030dbc5e6ed88fb3af2a638e51d1938f4d4f454c7c7231aba340775224f88b8cfd3ce1693c70471bfd05f5b6a2227c0c1e
  languageName: node
  linkType: hard

"next-77-agent-docs-path-repro@workspace:.":
  version: 0.0.0-use.local
  resolution: "next-77-agent-docs-path-repro@workspace:."
  dependencies:
    next: "npm:16.4.0"
    react: "npm:^19.3.0"
    react-dom: "npm:^19.3.0"
  languageName: unknown
  linkType: soft

"next@npm:16.4.0":
  version: 16.4.0
  resolution: "next@npm:16.4.0"
  dependencies:
    "@next/env": "npm:16.4.0"
    "@next/swc-darwin-arm64": "npm:16.4.0"
    "@next/swc-darwin-x64": "npm:16.4.0"
    "@next/swc-linux-arm64-gnu": "npm:16.4.0"
    "@next/swc-linux-arm64-musl": "npm:16.4.0"
    "@next/swc-linux-x64-gnu": "npm:16.4.0"
    "@next/swc-linux-x64-musl": "npm:16.4.0"
    "@next/swc-win32-arm64-msvc": "npm:16.4.0"
    "@next/swc-win32-x64-msvc": "npm:16.4.0"
    "@swc/helpers": "npm:0.5.23"
    baseline-browser-mapping: "npm:^2.9.19"
    caniuse-lite: "npm:^1.0.30001579"
    postcss: "npm:8.5.23"
    sharp: "npm:^0.35.4"
    styled-jsx: "npm:5.1.6"
  peerDependencies:
    "@opentelemetry/api": ^1.1.0
    "@playwright/test": ^1.51.1
    babel-plugin-react-compiler: "*"
    react: ^18.2.0 || 19.0.0-rc-de68d2f4-20241204 || ^19.0.0
    react-dom: ^18.2.0 || 19.0.0-rc-de68d2f4-20241204 || ^19.0.0
    sass: ^1.3.0
  dependenciesMeta:
    "@next/swc-darwin-arm64":
      optional: true
    "@next/swc-darwin-x64":
      optional: true
    "@next/swc-linux-arm64-gnu":
      optional: true
    "@next/swc-linux-arm64-musl":
      optional: true
    "@next/swc-linux-x64-gnu":
      optional: true
    "@next/swc-linux-x64-musl":
      optional: true
    "@next/swc-win32-arm64-msvc":
      optional: true
    "@next/swc-win32-x64-msvc":
      optional: true
    sharp:
      optional: true
  peerDependenciesMeta:
    "@opentelemetry/api":
      optional: true
    "@playwright/test":
      optional: true
    babel-plugin-react-compiler:
      optional: true
    sass:
      optional: true
  bin:
    next: dist/bin/next
  checksum: 10c0/3937ef84cfd269a1c3abb2d7e7e4a12dad2b7fcd55488c5c2e3235913ea88b5d3ba721e1379ee2ea21a03424a5088caf2318fcd7146e6f92a02cc0891b7d1cef
  languageName: node
  linkType: hard

"picocolors@npm:^1.1.1":
  version: 1.1.1
  resolution: "picocolors@npm:1.1.1"
  checksum: 10c0/e2e3e8170ab9d7c7421969adaa7e1b31434f789afb9b3f115f6b96d91945041ac3ceb02e9ec6fe6510ff036bcc0bf91e69a1772edc0b707e12b19c0f2d6bcf58
  languageName: node
  linkType: hard

"postcss@npm:8.5.23":
  version: 8.5.23
  resolution: "postcss@npm:8.5.23"
  dependencies:
    nanoid: "npm:^3.3.16"
    picocolors: "npm:^1.1.1"
    source-map-js: "npm:^1.2.1"
  checksum: 10c0/ed714e635b330bb42666ecdd0c0b4f30224ded15b0b0052d6bc2b92832f2cf17d1c1141359453f96f0a84f8fbf4c405a74df187f559163b8f31131b2535455aa
  languageName: node
  linkType: hard

"react-dom@npm:^19.3.0":
  version: 19.3.0
  resolution: "react-dom@npm:19.3.0"
  dependencies:
    scheduler: "npm:^0.28.0"
  peerDependencies:
    react: ^19.3.0
  checksum: 10c0/c513044b724dd6bfe9500a9682d60973e7f8a48cffba00b6b16d3e910e27dcc459bf71bf0a5c33d7d62a3843ca30de1bd1e2098058aa4ed71f618a24b6061da5
  languageName: node
  linkType: hard

"react@npm:^19.3.0":
  version: 19.3.0
  resolution: "react@npm:19.3.0"
  checksum: 10c0/dd3099c3c43a7122bc01223bb26b0f8d5ba13cca569af6fb94a005fb54fa73223c9cb203bb226d40cfd49a82cbeef2e36ce84062a3a6d5b9fe8f4437694c7b52
  languageName: node
  linkType: hard

"scheduler@npm:^0.28.0":
  version: 0.28.0
  resolution: "scheduler@npm:0.28.0"
  checksum: 10c0/783c8e5ce89d41273a02ed6dc0e3d24bd60e05c9e8f7e3adfc6c82e7c69935500d90e343f1ee26d592fc7504e8a2532573c6368def3e93bfe812391fa53efaf4
  languageName: node
  linkType: hard

"semver@npm:^7.8.5":
  version: 7.8.5
  resolution: "semver@npm:7.8.5"
  bin:
    semver: bin/semver.js
  checksum: 10c0/b1f3127a5be8125a94f37188b361c212466c292c6910adce3ec106cff5dc211ccaedc4739c11bb70fda59d6fc1f040a9bca289f4e093451521a2372e5231fe0c
  languageName: node
  linkType: hard

"sharp@npm:^0.35.4":
  version: 0.35.5
  resolution: "sharp@npm:0.35.5"
  dependencies:
    "@img/colour": "npm:^1.1.0"
    "@img/sharp-darwin-arm64": "npm:0.35.5"
    "@img/sharp-darwin-x64": "npm:0.35.5"
    "@img/sharp-freebsd-wasm32": "npm:0.35.5"
    "@img/sharp-libvips-darwin-arm64": "npm:1.3.4"
    "@img/sharp-libvips-darwin-x64": "npm:1.3.4"
    "@img/sharp-libvips-linux-arm": "npm:1.3.4"
    "@img/sharp-libvips-linux-arm64": "npm:1.3.4"
    "@img/sharp-libvips-linux-ppc64": "npm:1.3.4"
    "@img/sharp-libvips-linux-riscv64": "npm:1.3.4"
    "@img/sharp-libvips-linux-s390x": "npm:1.3.4"
    "@img/sharp-libvips-linux-x64": "npm:1.3.4"
    "@img/sharp-libvips-linuxmusl-arm64": "npm:1.3.4"
    "@img/sharp-libvips-linuxmusl-x64": "npm:1.3.4"
    "@img/sharp-linux-arm": "npm:0.35.5"
    "@img/sharp-linux-arm64": "npm:0.35.5"
    "@img/sharp-linux-ppc64": "npm:0.35.5"
    "@img/sharp-linux-riscv64": "npm:0.35.5"
    "@img/sharp-linux-s390x": "npm:0.35.5"
    "@img/sharp-linux-x64": "npm:0.35.5"
    "@img/sharp-linuxmusl-arm64": "npm:0.35.5"
    "@img/sharp-linuxmusl-x64": "npm:0.35.5"
    "@img/sharp-webcontainers-wasm32": "npm:0.35.5"
    "@img/sharp-win32-arm64": "npm:0.35.5"
    "@img/sharp-win32-ia32": "npm:0.35.5"
    "@img/sharp-win32-x64": "npm:0.35.5"
    detect-libc: "npm:^2.1.2"
    semver: "npm:^7.8.5"
  dependenciesMeta:
    "@img/sharp-darwin-arm64":
      optional: true
    "@img/sharp-darwin-x64":
      optional: true
    "@img/sharp-freebsd-wasm32":
      optional: true
    "@img/sharp-libvips-darwin-arm64":
      optional: true
    "@img/sharp-libvips-darwin-x64":
      optional: true
    "@img/sharp-libvips-linux-arm":
      optional: true
    "@img/sharp-libvips-linux-arm64":
      optional: true
    "@img/sharp-libvips-linux-ppc64":
      optional: true
    "@img/sharp-libvips-linux-riscv64":
      optional: true
    "@img/sharp-libvips-linux-s390x":
      optional: true
    "@img/sharp-libvips-linux-x64":
      optional: true
    "@img/sharp-libvips-linuxmusl-arm64":
      optional: true
    "@img/sharp-libvips-linuxmusl-x64":
      optional: true
    "@img/sharp-linux-arm":
      optional: true
    "@img/sharp-linux-arm64":
      optional: true
    "@img/sharp-linux-ppc64":
      optional: true
    "@img/sharp-linux-riscv64":
      optional: true
    "@img/sharp-linux-s390x":
      optional: true
    "@img/sharp-linux-x64":
      optional: true
    "@img/sharp-linuxmusl-arm64":
      optional: true
    "@img/sharp-linuxmusl-x64":
      optional: true
    "@img/sharp-webcontainers-wasm32":
      optional: true
    "@img/sharp-win32-arm64":
      optional: true
    "@img/sharp-win32-ia32":
      optional: true
    "@img/sharp-win32-x64":
      optional: true
  peerDependenciesMeta:
    "@types/node":
      optional: true
  checksum: 10c0/73d61270979fdb89a14d523c071662f1f557814dac62faa5491ca975e0e2b0007665456941b90356a9a511b2fba8920d9088aa7f91b4786554e12852f94a82b0
  languageName: node
  linkType: hard

"source-map-js@npm:^1.2.1":
  version: 1.2.2
  resolution: "source-map-js@npm:1.2.2"
  checksum: 10c0/d5d6dec62266834f83dd4f8a2606a196fb1a006ca5d53b0ef80ee513b7eba2f4e2ae241f4bc129ae7e9b80dea24f6e3d92b446b7e6e96be7653cab8888168a94
  languageName: node
  linkType: hard

"styled-jsx@npm:5.1.6":
  version: 5.1.6
  resolution: "styled-jsx@npm:5.1.6"
  dependencies:
    client-only: "npm:0.0.1"
  peerDependencies:
    react: ">= 16.8.0 || 17.x.x || ^18.0.0-0 || ^19.0.0-0"
  peerDependenciesMeta:
    "@babel/core":
      optional: true
    babel-plugin-macros:
      optional: true
  checksum: 10c0/ace50e7ea5ae5ae6a3b65a50994c51fca6ae7df9c7ecfd0104c36be0b4b3a9c5c1a2374d16e2a11e256d0b20be6d47256d768ecb4f91ab390f60752a075780f5
  languageName: node
  linkType: hard

"tslib@npm:^2.4.0, tslib@npm:^2.8.0":
  version: 2.8.1
  resolution: "tslib@npm:2.8.1"
  checksum: 10c0/9c4759110a19c53f992d9aae23aac5ced636e99887b51b9e61def52611732872ff7668757d4e4c61f19691e36f4da981cd9485e869b4a7408d689f6bf1f14e62
  languageName: node
  linkType: hard
